
Microsoft Visual Studio Solution File, Format Version 12.00
# Visual Studio 15
VisualStudioVersion = 15.0.26430.15
MinimumVisualStudioVersion = 10.0.40219.1
Project("{FAE04EC0-301F-11D3-BF4B-00C04F79EFBC}") = "CMD3", "CMD3\CMD3.csproj", "{D33B4258-A6AF-48A4-AA9B-684EB8AF95E3}"
EndProject
Global
	GlobalSection(SolutionConfigurationPlatforms) = preSolution
		Debug|Any CPU = Debug|Any CPU
		Release|Any CPU = Release|Any CPU
	EndGlobalSection
	GlobalSection(ProjectConfigurationPlatforms) = postSolution
		{D33B4258-A6AF-48A4-AA9B-684EB8AF95E3}.Debug|Any CPU.ActiveCfg = Debug|Any CPU
		{D33B4258-A6AF-48A4-AA9B-684EB8AF95E3}.Debug|Any CPU.Build.0 = Debug|Any CPU
		{D33B4258-A6AF-48A4-AA9B-684EB8AF95E3}.Release|Any CPU.ActiveCfg = Release|Any CPU
		{D33B4258-A6AF-48A4-AA9B-684EB8AF95E3}.Release|Any CPU.Build.0 = Release|Any CPU
	EndGlobalSection
	GlobalSection(SolutionProperties) = preSolution
		HideSolutionNode = FALSE
	EndGlobalSection
EndGlobal
